
Microsoft Visual Studio Solution File, Format Version 12.00
# Visual Studio 2012
Project("{FAE04EC0-301F-11D3-BF4B-00C04F79EFBC}") = "Examples.Core", "Examples.Core\Examples.Core.csproj", "{A7FB3509-E3B4-47AA-9F94-A695F13E094F}"
EndProject
Project("{FAE04EC0-301F-11D3-BF4B-00C04F79EFBC}") = "RepositoryExamples.InMemory", "RepositoryExamples.InMemory\RepositoryExamples.InMemory.csproj", "{1818978F-659C-4BA3-AF93-5BEACE8B1845}"
EndProject
Project("{FAE04EC0-301F-11D3-BF4B-00C04F79EFBC}") = "RepositoryExamples.MongoDb", "RepositoryExamples.MongoDb\RepositoryExamples.MongoDb.csproj", "{DD5DB28F-C89B-4AFE-98B6-73D128AF1EA3}"
EndProject
Project("{FAE04EC0-301F-11D3-BF4B-00C04F79EFBC}") = "RepositoryExamples.RavenDb", "RepositoryExamples.RavenDb\RepositoryExamples.RavenDb.csproj", "{5E885433-2618-40B3-9881-19D77B48C926}"
EndProject
Project("{FAE04EC0-301F-11D3-BF4B-00C04F79EFBC}") = "RepositoryExamples.NHibernate", "RepositoryExamples.NHibernate\RepositoryExamples.NHibernate.csproj", "{080F0C7D-70D4-4C44-ABD1-235AC083867D}"
EndProject
Project("{FAE04EC0-301F-11D3-BF4B-00C04F79EFBC}") = "FileSystem.Windows", "FileSystem.Windows\FileSystem.Windows.csproj", "{0616903C-B2FC-4C82-A5A8-D14D1494D614}"
EndProject
Project("{FAE04EC0-301F-11D3-BF4B-00C04F79EFBC}") = "NinjectBindingExamples", "NinjectBindingExamples\NinjectBindingExamples.csproj", "{1E6494E0-E25F-4359-9333-DE178BD1F3C5}"
EndProject
Project("{FAE04EC0-301F-11D3-BF4B-00C04F79EFBC}") = "RepositoryExamples.Couchbase", "RepositoryExamples.Couchbase\RepositoryExamples.Couchbase.csproj", "{09292EBE-2CF1-4B47-A41B-5F573EE9050F}"
EndProject
Project("{FAE04EC0-301F-11D3-BF4B-00C04F79EFBC}") = "RepositoryExamples.AmazonSimpleDb", "RepositoryExamples.AmazonSimpleDb\RepositoryExamples.AmazonSimpleDb.csproj", "{2FA219AF-627D-433D-B05F-E2D15EDFB3FE}"
EndProject
Project("{2150E333-8FDC-42A3-9474-1A3956D46DE8}") = "Repository", "Repository", "{10D18639-16A8-4541-9450-CF29E9CF2B7F}"
EndProject
Project("{2150E333-8FDC-42A3-9474-1A3956D46DE8}") = "FileSystem", "FileSystem", "{99470BC0-E0BE-4458-9A05-954059539C3F}"
EndProject
Project("{2150E333-8FDC-42A3-9474-1A3956D46DE8}") = "Ninject", "Ninject", "{E55492E7-0725-46A5-BAD5-679814437B6D}"
EndProject
Project("{2150E333-8FDC-42A3-9474-1A3956D46DE8}") = "Messaging", "Messaging", "{F7FA301C-69D9-44ED-8425-5CEFF5F904BC}"
EndProject
Project("{FAE04EC0-301F-11D3-BF4B-00C04F79EFBC}") = "Messaging.MsMq", "Messaging.MsMq\Messaging.MsMq.csproj", "{371D6419-4225-4267-96AD-41DC03597916}"
EndProject
Project("{FAE04EC0-301F-11D3-BF4B-00C04F79EFBC}") = "Messaging.AmazonSqs", "Messaging.AmazonSqs\Messaging.AmazonSqs.csproj", "{5F3D33AE-4432-4A4C-9B49-E62F7BC2456E}"
EndProject
Project("{2150E333-8FDC-42A3-9474-1A3956D46DE8}") = "Tests", "Tests", "{23FC35AB-E6CB-4788-B83E-604ABE439D5C}"
EndProject
Project("{FAE04EC0-301F-11D3-BF4B-00C04F79EFBC}") = "Messaging.MsMq.Tests", "Messaging.MsMq.Tests\Messaging.MsMq.Tests.csproj", "{F9859BF1-6029-4F79-8964-B95B97F3EDA5}"
EndProject
Project("{FAE04EC0-301F-11D3-BF4B-00C04F79EFBC}") = "Messaging.AmazonSqs.Tests", "Messaging.AmazonSqs.Tests\Messaging.AmazonSqs.Tests.csproj", "{453D0CC2-5F05-43C9-A987-64EDCE749D71}"
EndProject
Project("{FAE04EC0-301F-11D3-BF4B-00C04F79EFBC}") = "Messaging.RabbitMq", "Messaging.RabbitMq\Messaging.RabbitMq.csproj", "{39FAB4B9-A8CB-49A3-AEC4-E06C494C9B5F}"
EndProject
Project("{FAE04EC0-301F-11D3-BF4B-00C04F79EFBC}") = "Messaging.RabbitMq.Tests", "Messaging.RabbitMq.Tests\Messaging.RabbitMq.Tests.csproj", "{C259BC17-AAF8-4978-B7E6-CD71AB01A647}"
EndProject
Global
	GlobalSection(SolutionConfigurationPlatforms) = preSolution
		Debug|Any CPU = Debug|Any CPU
		Release|Any CPU = Release|Any CPU
	EndGlobalSection
	GlobalSection(ProjectConfigurationPlatforms) = postSolution
		{A7FB3509-E3B4-47AA-9F94-A695F13E094F}.Debug|Any CPU.ActiveCfg = Debug|Any CPU
		{A7FB3509-E3B4-47AA-9F94-A695F13E094F}.Debug|Any CPU.Build.0 = Debug|Any CPU
		{A7FB3509-E3B4-47AA-9F94-A695F13E094F}.Release|Any CPU.ActiveCfg = Release|Any CPU
		{A7FB3509-E3B4-47AA-9F94-A695F13E094F}.Release|Any CPU.Build.0 = Release|Any CPU
		{1818978F-659C-4BA3-AF93-5BEACE8B1845}.Debug|Any CPU.ActiveCfg = Debug|Any CPU
		{1818978F-659C-4BA3-AF93-5BEACE8B1845}.Debug|Any CPU.Build.0 = Debug|Any CPU
		{1818978F-659C-4BA3-AF93-5BEACE8B1845}.Release|Any CPU.ActiveCfg = Release|Any CPU
		{1818978F-659C-4BA3-AF93-5BEACE8B1845}.Release|Any CPU.Build.0 = Release|Any CPU
		{DD5DB28F-C89B-4AFE-98B6-73D128AF1EA3}.Debug|Any CPU.ActiveCfg = Debug|Any CPU
		{DD5DB28F-C89B-4AFE-98B6-73D128AF1EA3}.Debug|Any CPU.Build.0 = Debug|Any CPU
		{DD5DB28F-C89B-4AFE-98B6-73D128AF1EA3}.Release|Any CPU.ActiveCfg = Release|Any CPU
		{DD5DB28F-C89B-4AFE-98B6-73D128AF1EA3}.Release|Any CPU.Build.0 = Release|Any CPU
		{5E885433-2618-40B3-9881-19D77B48C926}.Debug|Any CPU.ActiveCfg = Debug|Any CPU
		{5E885433-2618-40B3-9881-19D77B48C926}.Debug|Any CPU.Build.0 = Debug|Any CPU
		{5E885433-2618-40B3-9881-19D77B48C926}.Release|Any CPU.ActiveCfg = Release|Any CPU
		{5E885433-2618-40B3-9881-19D77B48C926}.Release|Any CPU.Build.0 = Release|Any CPU
		{080F0C7D-70D4-4C44-ABD1-235AC083867D}.Debug|Any CPU.ActiveCfg = Debug|Any CPU
		{080F0C7D-70D4-4C44-ABD1-235AC083867D}.Debug|Any CPU.Build.0 = Debug|Any CPU
		{080F0C7D-70D4-4C44-ABD1-235AC083867D}.Release|Any CPU.ActiveCfg = Release|Any CPU
		{080F0C7D-70D4-4C44-ABD1-235AC083867D}.Release|Any CPU.Build.0 = Release|Any CPU
		{0616903C-B2FC-4C82-A5A8-D14D1494D614}.Debug|Any CPU.ActiveCfg = Debug|Any CPU
		{0616903C-B2FC-4C82-A5A8-D14D1494D614}.Debug|Any CPU.Build.0 = Debug|Any CPU
		{0616903C-B2FC-4C82-A5A8-D14D1494D614}.Release|Any CPU.ActiveCfg = Release|Any CPU
		{0616903C-B2FC-4C82-A5A8-D14D1494D614}.Release|Any CPU.Build.0 = Release|Any CPU
		{1E6494E0-E25F-4359-9333-DE178BD1F3C5}.Debug|Any CPU.ActiveCfg = Debug|Any CPU
		{1E6494E0-E25F-4359-9333-DE178BD1F3C5}.Debug|Any CPU.Build.0 = Debug|Any CPU
		{1E6494E0-E25F-4359-9333-DE178BD1F3C5}.Release|Any CPU.ActiveCfg = Release|Any CPU
		{1E6494E0-E25F-4359-9333-DE178BD1F3C5}.Release|Any CPU.Build.0 = Release|Any CPU
		{09292EBE-2CF1-4B47-A41B-5F573EE9050F}.Debug|Any CPU.ActiveCfg = Debug|Any CPU
		{09292EBE-2CF1-4B47-A41B-5F573EE9050F}.Debug|Any CPU.Build.0 = Debug|Any CPU
		{09292EBE-2CF1-4B47-A41B-5F573EE9050F}.Release|Any CPU.ActiveCfg = Release|Any CPU
		{09292EBE-2CF1-4B47-A41B-5F573EE9050F}.Release|Any CPU.Build.0 = Release|Any CPU
		{2FA219AF-627D-433D-B05F-E2D15EDFB3FE}.Debug|Any CPU.ActiveCfg = Debug|Any CPU
		{2FA219AF-627D-433D-B05F-E2D15EDFB3FE}.Debug|Any CPU.Build.0 = Debug|Any CPU
		{2FA219AF-627D-433D-B05F-E2D15EDFB3FE}.Release|Any CPU.ActiveCfg = Release|Any CPU
		{2FA219AF-627D-433D-B05F-E2D15EDFB3FE}.Release|Any CPU.Build.0 = Release|Any CPU
		{371D6419-4225-4267-96AD-41DC03597916}.Debug|Any CPU.ActiveCfg = Debug|Any CPU
		{371D6419-4225-4267-96AD-41DC03597916}.Debug|Any CPU.Build.0 = Debug|Any CPU
		{371D6419-4225-4267-96AD-41DC03597916}.Release|Any CPU.ActiveCfg = Release|Any CPU
		{371D6419-4225-4267-96AD-41DC03597916}.Release|Any CPU.Build.0 = Release|Any CPU
		{5F3D33AE-4432-4A4C-9B49-E62F7BC2456E}.Debug|Any CPU.ActiveCfg = Debug|Any CPU
		{5F3D33AE-4432-4A4C-9B49-E62F7BC2456E}.Debug|Any CPU.Build.0 = Debug|Any CPU
		{5F3D33AE-4432-4A4C-9B49-E62F7BC2456E}.Release|Any CPU.ActiveCfg = Release|Any CPU
		{5F3D33AE-4432-4A4C-9B49-E62F7BC2456E}.Release|Any CPU.Build.0 = Release|Any CPU
		{F9859BF1-6029-4F79-8964-B95B97F3EDA5}.Debug|Any CPU.ActiveCfg = Debug|Any CPU
		{F9859BF1-6029-4F79-8964-B95B97F3EDA5}.Debug|Any CPU.Build.0 = Debug|Any CPU
		{F9859BF1-6029-4F79-8964-B95B97F3EDA5}.Release|Any CPU.ActiveCfg = Release|Any CPU
		{F9859BF1-6029-4F79-8964-B95B97F3EDA5}.Release|Any CPU.Build.0 = Release|Any CPU
		{453D0CC2-5F05-43C9-A987-64EDCE749D71}.Debug|Any CPU.ActiveCfg = Debug|Any CPU
		{453D0CC2-5F05-43C9-A987-64EDCE749D71}.Debug|Any CPU.Build.0 = Debug|Any CPU
		{453D0CC2-5F05-43C9-A987-64EDCE749D71}.Release|Any CPU.ActiveCfg = Release|Any CPU
		{453D0CC2-5F05-43C9-A987-64EDCE749D71}.Release|Any CPU.Build.0 = Release|Any CPU
		{39FAB4B9-A8CB-49A3-AEC4-E06C494C9B5F}.Debug|Any CPU.ActiveCfg = Debug|Any CPU
		{39FAB4B9-A8CB-49A3-AEC4-E06C494C9B5F}.Debug|Any CPU.Build.0 = Debug|Any CPU
		{39FAB4B9-A8CB-49A3-AEC4-E06C494C9B5F}.Release|Any CPU.ActiveCfg = Release|Any CPU
		{39FAB4B9-A8CB-49A3-AEC4-E06C494C9B5F}.Release|Any CPU.Build.0 = Release|Any CPU
		{C259BC17-AAF8-4978-B7E6-CD71AB01A647}.Debug|Any CPU.ActiveCfg = Debug|Any CPU
		{C259BC17-AAF8-4978-B7E6-CD71AB01A647}.Debug|Any CPU.Build.0 = Debug|Any CPU
		{C259BC17-AAF8-4978-B7E6-CD71AB01A647}.Release|Any CPU.ActiveCfg = Release|Any CPU
		{C259BC17-AAF8-4978-B7E6-CD71AB01A647}.Release|Any CPU.Build.0 = Release|Any CPU
	EndGlobalSection
	GlobalSection(SolutionProperties) = preSolution
		HideSolutionNode = FALSE
	EndGlobalSection
	GlobalSection(NestedProjects) = preSolution
		{DD5DB28F-C89B-4AFE-98B6-73D128AF1EA3} = {10D18639-16A8-4541-9450-CF29E9CF2B7F}
		{5E885433-2618-40B3-9881-19D77B48C926} = {10D18639-16A8-4541-9450-CF29E9CF2B7F}
		{080F0C7D-70D4-4C44-ABD1-235AC083867D} = {10D18639-16A8-4541-9450-CF29E9CF2B7F}
		{09292EBE-2CF1-4B47-A41B-5F573EE9050F} = {10D18639-16A8-4541-9450-CF29E9CF2B7F}
		{2FA219AF-627D-433D-B05F-E2D15EDFB3FE} = {10D18639-16A8-4541-9450-CF29E9CF2B7F}
		{1818978F-659C-4BA3-AF93-5BEACE8B1845} = {10D18639-16A8-4541-9450-CF29E9CF2B7F}
		{0616903C-B2FC-4C82-A5A8-D14D1494D614} = {99470BC0-E0BE-4458-9A05-954059539C3F}
		{1E6494E0-E25F-4359-9333-DE178BD1F3C5} = {E55492E7-0725-46A5-BAD5-679814437B6D}
		{371D6419-4225-4267-96AD-41DC03597916} = {F7FA301C-69D9-44ED-8425-5CEFF5F904BC}
		{5F3D33AE-4432-4A4C-9B49-E62F7BC2456E} = {F7FA301C-69D9-44ED-8425-5CEFF5F904BC}
		{39FAB4B9-A8CB-49A3-AEC4-E06C494C9B5F} = {F7FA301C-69D9-44ED-8425-5CEFF5F904BC}
		{F9859BF1-6029-4F79-8964-B95B97F3EDA5} = {23FC35AB-E6CB-4788-B83E-604ABE439D5C}
		{453D0CC2-5F05-43C9-A987-64EDCE749D71} = {23FC35AB-E6CB-4788-B83E-604ABE439D5C}
		{C259BC17-AAF8-4978-B7E6-CD71AB01A647} = {23FC35AB-E6CB-4788-B83E-604ABE439D5C}
	EndGlobalSection
EndGlobal
